
Microsoft Visual Studio Solution File, Format Version 12.00
# Visual Studio Version 16
VisualStudioVersion = 16.0.30611.23
MinimumVisualStudioVersion = 10.0.40219.1
Project("{FAE04EC0-301F-11D3-BF4B-00C04F79EFBC}") = "TheAnimalIndex", "TheAnimalIndex\TheAnimalIndex.csproj", "{F224AA75-57AE-4447-9987-4A37CF44F942}"
EndProject
Global
	GlobalSection(SolutionConfigurationPlatforms) = preSolution
		Debug|Any CPU = Debug|Any CPU
		Release|Any CPU = Release|Any CPU
	EndGlobalSection
	GlobalSection(ProjectConfigurationPlatforms) = postSolution
		{F224AA75-57AE-4447-9987-4A37CF44F942}.Debug|Any CPU.ActiveCfg = Debug|Any CPU
		{F224AA75-57AE-4447-9987-4A37CF44F942}.Debug|Any CPU.Build.0 = Debug|Any CPU
		{F224AA75-57AE-4447-9987-4A37CF44F942}.Release|Any CPU.ActiveCfg = Release|Any CPU
		{F224AA75-57AE-4447-9987-4A37CF44F942}.Release|Any CPU.Build.0 = Release|Any CPU
	EndGlobalSection
	GlobalSection(SolutionProperties) = preSolution
		HideSolutionNode = FALSE
	EndGlobalSection
	GlobalSection(ExtensibilityGlobals) = postSolution
		SolutionGuid = {BEA8F4B4-EEF9-4F03-AF7F-F984500679D3}
	EndGlobalSection
EndGlobal
